
Microsoft Visual Studio Solution File, Format Version 12.00
# Visual Studio Version 17
VisualStudioVersion = 17.0.31423.177
MinimumVisualStudioVersion = 10.0.40219.1
Project("{9A19103F-16F7-4668-BE54-9A1E7A4F7556}") = "KakaotalkAdConcealer.Forms", "KakaotalkAdConcealer.Forms\KakaotalkAdConcealer.Forms.csproj", "{AFB64861-898E-4315-9906-CCDD5C8B6D37}"
EndProject
Project("{8BC9CEB8-8B4A-11D0-8D11-00A0C91BC942}") = "KakaotalkAdConcealer.Native", "KakaotalkAdConcealer.Native\KakaotalkAdConcealer.Native.vcxproj", "{1E21656B-0874-48F7-944C-2EA442D03799}"
EndProject
Project("{9A19103F-16F7-4668-BE54-9A1E7A4F7556}") = "KakaotalkAdConcealer.Core", "KakaotalkAdConcealer.Core\KakaotalkAdConcealer.Core.csproj", "{DB7C8EB0-9CAA-4403-8697-0436258379D9}"
EndProject
Global
	GlobalSection(SolutionConfigurationPlatforms) = preSolution
		Debug|x64 = Debug|x64
		Debug|x86 = Debug|x86
		Release|x64 = Release|x64
		Release|x86 = Release|x86
	EndGlobalSection
	GlobalSection(ProjectConfigurationPlatforms) = postSolution
		{AFB64861-898E-4315-9906-CCDD5C8B6D37}.Debug|x64.ActiveCfg = Debug|x64
		{AFB64861-898E-4315-9906-CCDD5C8B6D37}.Debug|x64.Build.0 = Debug|x64
		{AFB64861-898E-4315-9906-CCDD5C8B6D37}.Debug|x86.ActiveCfg = Debug|x86
		{AFB64861-898E-4315-9906-CCDD5C8B6D37}.Debug|x86.Build.0 = Debug|x86
		{AFB64861-898E-4315-9906-CCDD5C8B6D37}.Release|x64.ActiveCfg = Release|x64
		{AFB64861-898E-4315-9906-CCDD5C8B6D37}.Release|x64.Build.0 = Release|x64
		{AFB64861-898E-4315-9906-CCDD5C8B6D37}.Release|x86.ActiveCfg = Release|x86
		{AFB64861-898E-4315-9906-CCDD5C8B6D37}.Release|x86.Build.0 = Release|x86
		{1E21656B-0874-48F7-944C-2EA442D03799}.Debug|x64.ActiveCfg = Debug|x64
		{1E21656B-0874-48F7-944C-2EA442D03799}.Debug|x64.Build.0 = Debug|x64
		{1E21656B-0874-48F7-944C-2EA442D03799}.Debug|x86.ActiveCfg = Debug|Win32
		{1E21656B-0874-48F7-944C-2EA442D03799}.Debug|x86.Build.0 = Debug|Win32
		{1E21656B-0874-48F7-944C-2EA442D03799}.Release|x64.ActiveCfg = Release|x64
		{1E21656B-0874-48F7-944C-2EA442D03799}.Release|x64.Build.0 = Release|x64
		{1E21656B-0874-48F7-944C-2EA442D03799}.Release|x86.ActiveCfg = Release|Win32
		{1E21656B-0874-48F7-944C-2EA442D03799}.Release|x86.Build.0 = Release|Win32
		{DB7C8EB0-9CAA-4403-8697-0436258379D9}.Debug|x64.ActiveCfg = Debug|x64
		{DB7C8EB0-9CAA-4403-8697-0436258379D9}.Debug|x64.Build.0 = Debug|x64
		{DB7C8EB0-9CAA-4403-8697-0436258379D9}.Debug|x86.ActiveCfg = Debug|x86
		{DB7C8EB0-9CAA-4403-8697-0436258379D9}.Debug|x86.Build.0 = Debug|x86
		{DB7C8EB0-9CAA-4403-8697-0436258379D9}.Release|x64.ActiveCfg = Release|x64
		{DB7C8EB0-9CAA-4403-8697-0436258379D9}.Release|x64.Build.0 = Release|x64
		{DB7C8EB0-9CAA-4403-8697-0436258379D9}.Release|x86.ActiveCfg = Release|x86
		{DB7C8EB0-9CAA-4403-8697-0436258379D9}.Release|x86.Build.0 = Release|x86
	EndGlobalSection
	GlobalSection(SolutionProperties) = preSolution
		HideSolutionNode = FALSE
	EndGlobalSection
	GlobalSection(ExtensibilityGlobals) = postSolution
		SolutionGuid = {105BC00D-7D8A-4D27-B66E-DE02AB345996}
	EndGlobalSection
EndGlobal
